// !$*UTF8*$!
{
	archiveVersion = 1;
	classes = {
	};
	objectVersion = 46;
	objects = {

/* Begin PBXBuildFile section */
		237ECA78173E9F4D0074D276 /* UIKit.framework in Frameworks */ = {isa = PBXBuildFile; fileRef = 237ECA77173E9F4D0074D276 /* UIKit.framework */; };
		237ECA7A173E9F4D0074D276 /* Foundation.framework in Frameworks */ = {isa = PBXBuildFile; fileRef = 237ECA79173E9F4D0074D276 /* Foundation.framework */; };
		237ECA7C173E9F4D0074D276 /* CoreGraphics.framework in Frameworks */ = {isa = PBXBuildFile; fileRef = 237ECA7B173E9F4D0074D276 /* CoreGraphics.framework */; };
		237ECAA8173E9F630074D276 /* CoreData.framework in Frameworks */ = {isa = PBXBuildFile; fileRef = 237ECAA7173E9F630074D276 /* CoreData.framework */; };
		237ECAC6173EA0410074D276 /* Student.xcdatamodeld in Sources */ = {isa = PBXBuildFile; fileRef = 237ECAC4173EA0410074D276 /* Student.xcdatamodeld */; };
		237ECAD8173EA4770074D276 /* ODAppDelegate.m in Sources */ = {isa = PBXBuildFile; fileRef = 237ECAD5173EA4770074D276 /* ODAppDelegate.m */; };
		237ECAD9173EA4770074D276 /* ODViewController.m in Sources */ = {isa = PBXBuildFile; fileRef = 237ECAD7173EA4770074D276 /* ODViewController.m */; };
		237ECAE7173EA48C0074D276 /* Default-568h@2x.png in Resources */ = {isa = PBXBuildFile; fileRef = 237ECADA173EA48C0074D276 /* Default-568h@2x.png */; };
		237ECAE8173EA48C0074D276 /* Default.png in Resources */ = {isa = PBXBuildFile; fileRef = 237ECADB173EA48C0074D276 /* Default.png */; };
		237ECAE9173EA48C0074D276 /* Default@2x.png in Resources */ = {isa = PBXBuildFile; fileRef = 237ECADC173EA48C0074D276 /* Default@2x.png */; };
		237ECAEA173EA48C0074D276 /* InfoPlist.strings in Resources */ = {isa = PBXBuildFile; fileRef = 237ECADE173EA48C0074D276 /* InfoPlist.strings */; };
		237ECAEB173EA48C0074D276 /* ODViewController_iPad.xib in Resources */ = {isa = PBXBuildFile; fileRef = 237ECAE0173EA48C0074D276 /* ODViewController_iPad.xib */; };
		237ECAEC173EA48C0074D276 /* ODViewController_iPhone.xib in Resources */ = {isa = PBXBuildFile; fileRef = 237ECAE2173EA48C0074D276 /* ODViewController_iPhone.xib */; };
		237ECAED173EA48C0074D276 /* main.m in Sources */ = {isa = PBXBuildFile; fileRef = 237ECAE4173EA48C0074D276 /* main.m */; };
		237ECAEE173EA48C0074D276 /* ODCoreDataManagerSample+Library-Info.plist in Resources */ = {isa = PBXBuildFile; fileRef = 237ECAE5173EA48C0074D276 /* ODCoreDataManagerSample+Library-Info.plist */; };
		237ECAF1173EA4B60074D276 /* Student.m in Sources */ = {isa = PBXBuildFile; fileRef = 237ECAF0173EA4B60074D276 /* Student.m */; };
		237ECAF9173EA4BB0074D276 /* NSSingleton.m in Sources */ = {isa = PBXBuildFile; fileRef = 237ECAF3173EA4BB0074D276 /* NSSingleton.m */; };
		237ECAFA173EA4BB0074D276 /* ODCDManager.m in Sources */ = {isa = PBXBuildFile; fileRef = 237ECAF6173EA4BB0074D276 /* ODCDManager.m */; };
		237ECAFB173EA4BB0074D276 /* ODManagedObject.m in Sources */ = {isa = PBXBuildFile; fileRef = 237ECAF8173EA4BB0074D276 /* ODManagedObject.m */; };
/* End PBXBuildFile section */

/* Begin PBXFileReference section */
		237ECA74173E9F4D0074D276 /* ODCoreDataManagerSample+Library.app */ = {isa = PBXFileReference; explicitFileType = wrapper.application; includeInIndex = 0; path = "ODCoreDataManagerSample+Library.app"; sourceTree = BUILT_PRODUCTS_DIR; };
		237ECA77173E9F4D0074D276 /* UIKit.framework */ = {isa = PBXFileReference; lastKnownFileType = wrapper.framework; name = UIKit.framework; path = System/Library/Frameworks/UIKit.framework; sourceTree = SDKROOT; };
		237ECA79173E9F4D0074D276 /* Foundation.framework */ = {isa = PBXFileReference; lastKnownFileType = wrapper.framework; name = Foundation.framework; path = System/Library/Frameworks/Foundation.framework; sourceTree = SDKROOT; };
		237ECA7B173E9F4D0074D276 /* CoreGraphics.framework */ = {isa = PBXFileReference; lastKnownFileType = wrapper.framework; name = CoreGraphics.framework; path = System/Library/Frameworks/CoreGraphics.framework; sourceTree = SDKROOT; };
		237ECAA7173E9F630074D276 /* CoreData.framework */ = {isa = PBXFileReference; lastKnownFileType = wrapper.framework; name = CoreData.framework; path = System/Library/Frameworks/CoreData.framework; sourceTree = SDKROOT; };
		237ECAC5173EA0410074D276 /* Student.xcdatamodel */ = {isa = PBXFileReference; lastKnownFileType = wrapper.xcdatamodel; path = Student.xcdatamodel; sourceTree = "<group>"; };
		237ECAD4173EA4770074D276 /* ODAppDelegate.h */ = {isa = PBXFileReference; fileEncoding = 4; lastKnownFileType = sourcecode.c.h; name = ODAppDelegate.h; path = SourceCode/ODAppDelegate.h; sourceTree = SOURCE_ROOT; };
		237ECAD5173EA4770074D276 /* ODAppDelegate.m */ = {isa = PBXFileReference; fileEncoding = 4; lastKnownFileType = sourcecode.c.objc; name = ODAppDelegate.m; path = SourceCode/ODAppDelegate.m; sourceTree = SOURCE_ROOT; };
		237ECAD6173EA4770074D276 /* ODViewController.h */ = {isa = PBXFileReference; fileEncoding = 4; lastKnownFileType = sourcecode.c.h; name = ODViewController.h; path = SourceCode/ODViewController.h; sourceTree = SOURCE_ROOT; };
		237ECAD7173EA4770074D276 /* ODViewController.m */ = {isa = PBXFileReference; fileEncoding = 4; lastKnownFileType = sourcecode.c.objc; name = ODViewController.m; path = SourceCode/ODViewController.m; sourceTree = SOURCE_ROOT; };
		237ECADA173EA48C0074D276 /* Default-568h@2x.png */ = {isa = PBXFileReference; lastKnownFileType = image.png; name = "Default-568h@2x.png"; path = "SourceCode/Default-568h@2x.png"; sourceTree = SOURCE_ROOT; };
		237ECADB173EA48C0074D276 /* Default.png */ = {isa = PBXFileReference; lastKnownFileType = image.png; name = Default.png; path = SourceCode/Default.png; sourceTree = SOURCE_ROOT; };
		237ECADC173EA48C0074D276 /* Default@2x.png */ = {isa = PBXFileReference; lastKnownFileType = image.png; name = "Default@2x.png"; path = "SourceCode/Default@2x.png"; sourceTree = SOURCE_ROOT; };
		237ECADF173EA48C0074D276 /* en */ = {isa = PBXFileReference; lastKnownFileType = text.plist.strings; name = en; path = InfoPlist.strings; sourceTree = "<group>"; };
		237ECAE1173EA48C0074D276 /* en */ = {isa = PBXFileReference; lastKnownFileType = file.xib; name = en; path = ODViewController_iPad.xib; sourceTree = "<group>"; };
		237ECAE3173EA48C0074D276 /* en */ = {isa = PBXFileReference; lastKnownFileType = file.xib; name = en; path = ODViewController_iPhone.xib; sourceTree = "<group>"; };
		237ECAE4173EA48C0074D276 /* main.m */ = {isa = PBXFileReference; fileEncoding = 4; lastKnownFileType = sourcecode.c.objc; name = main.m; path = SourceCode/main.m; sourceTree = SOURCE_ROOT; };
		237ECAE5173EA48C0074D276 /* ODCoreDataManagerSample+Library-Info.plist */ = {isa = PBXFileReference; fileEncoding = 4; lastKnownFileType = text.plist.xml; name = "ODCoreDataManagerSample+Library-Info.plist"; path = "SourceCode/ODCoreDataManagerSample+Library-Info.plist"; sourceTree = SOURCE_ROOT; };
		237ECAE6173EA48C0074D276 /* ODCoreDataManagerSample+Library-Prefix.pch */ = {isa = PBXFileReference; fileEncoding = 4; lastKnownFileType = sourcecode.c.h; name = "ODCoreDataManagerSample+Library-Prefix.pch"; path = "SourceCode/ODCoreDataManagerSample+Library-Prefix.pch"; sourceTree = SOURCE_ROOT; };
		237ECAEF173EA4B60074D276 /* Student.h */ = {isa = PBXFileReference; fileEncoding = 4; lastKnownFileType = sourcecode.c.h; name = Student.h; path = SourceCode/Student.h; sourceTree = SOURCE_ROOT; };
		237ECAF0173EA4B60074D276 /* Student.m */ = {isa = PBXFileReference; fileEncoding = 4; lastKnownFileType = sourcecode.c.objc; name = Student.m; path = SourceCode/Student.m; sourceTree = SOURCE_ROOT; };
		237ECAF2173EA4BB0074D276 /* NSSingleton.h */ = {isa = PBXFileReference; fileEncoding = 4; lastKnownFileType = sourcecode.c.h; name = NSSingleton.h; path = SourceCode/ODCoreDataManager/NSSingleton.h; sourceTree = SOURCE_ROOT; };
		237ECAF3173EA4BB0074D276 /* NSSingleton.m */ = {isa = PBXFileReference; fileEncoding = 4; lastKnownFileType = sourcecode.c.objc; name = NSSingleton.m; path = SourceCode/ODCoreDataManager/NSSingleton.m; sourceTree = SOURCE_ROOT; };
		237ECAF4173EA4BB0074D276 /* ODCDConfiguration.h */ = {isa = PBXFileReference; fileEncoding = 4; lastKnownFileType = sourcecode.c.h; name = ODCDConfiguration.h; path = SourceCode/ODCoreDataManager/ODCDConfiguration.h; sourceTree = SOURCE_ROOT; };
		237ECAF5173EA4BB0074D276 /* ODCDManager.h */ = {isa = PBXFileReference; fileEncoding = 4; lastKnownFileType = sourcecode.c.h; name = ODCDManager.h; path = SourceCode/ODCoreDataManager/ODCDManager.h; sourceTree = SOURCE_ROOT; };
		237ECAF6173EA4BB0074D276 /* ODCDManager.m */ = {isa = PBXFileReference; fileEncoding = 4; lastKnownFileType = sourcecode.c.objc; name = ODCDManager.m; path = SourceCode/ODCoreDataManager/ODCDManager.m; sourceTree = SOURCE_ROOT; };
		237ECAF7173EA4BB0074D276 /* ODManagedObject.h */ = {isa = PBXFileReference; fileEncoding = 4; lastKnownFileType = sourcecode.c.h; name = ODManagedObject.h; path = SourceCode/ODCoreDataManager/ODManagedObject.h; sourceTree = SOURCE_ROOT; };
		237ECAF8173EA4BB0074D276 /* ODManagedObject.m */ = {isa = PBXFileReference; fileEncoding = 4; lastKnownFileType = sourcecode.c.objc; name = ODManagedObject.m; path = SourceCode/ODCoreDataManager/ODManagedObject.m; sourceTree = SOURCE_ROOT; };
/* End PBXFileReference section */

/* Begin PBXFrameworksBuildPhase section */
		237ECA71173E9F4D0074D276 /* Frameworks */ = {
			isa = PBXFrameworksBuildPhase;
			buildActionMask = 2147483647;
			files = (
				237ECAA8173E9F630074D276 /* CoreData.framework in Frameworks */,
				237ECA78173E9F4D0074D276 /* UIKit.framework in Frameworks */,
				237ECA7A173E9F4D0074D276 /* Foundation.framework in Frameworks */,
				237ECA7C173E9F4D0074D276 /* CoreGraphics.framework in Frameworks */,
			);
			runOnlyForDeploymentPostprocessing = 0;
		};
/* End PBXFrameworksBuildPhase section */

/* Begin PBXGroup section */
		237ECA6B173E9F4C0074D276 = {
			isa = PBXGroup;
			children = (
				237ECA7D173E9F4D0074D276 /* SourceCode */,
				237ECA76173E9F4D0074D276 /* Frameworks */,
				237ECA75173E9F4D0074D276 /* Products */,
			);
			sourceTree = "<group>";
		};
		237ECA75173E9F4D0074D276 /* Products */ = {
			isa = PBXGroup;
			children = (
				237ECA74173E9F4D0074D276 /* ODCoreDataManagerSample+Library.app */,
			);
			name = Products;
			sourceTree = "<group>";
		};
		237ECA76173E9F4D0074D276 /* Frameworks */ = {
			isa = PBXGroup;
			children = (
				237ECAA7173E9F630074D276 /* CoreData.framework */,
				237ECA77173E9F4D0074D276 /* UIKit.framework */,
				237ECA79173E9F4D0074D276 /* Foundation.framework */,
				237ECA7B173E9F4D0074D276 /* CoreGraphics.framework */,
			);
			name = Frameworks;
			sourceTree = "<group>";
		};
		237ECA7D173E9F4D0074D276 /* SourceCode */ = {
			isa = PBXGroup;
			children = (
				237ECAC3173EA0330074D276 /* Sample */,
				237ECAB7173EA0290074D276 /* ODCoreDataManager */,
				237ECAD4173EA4770074D276 /* ODAppDelegate.h */,
				237ECAD5173EA4770074D276 /* ODAppDelegate.m */,
				237ECAD6173EA4770074D276 /* ODViewController.h */,
				237ECAD7173EA4770074D276 /* ODViewController.m */,
				237ECA7E173E9F4D0074D276 /* Supporting Files */,
			);
			name = SourceCode;
			path = ok;
			sourceTree = "<group>";
		};
		237ECA7E173E9F4D0074D276 /* Supporting Files */ = {
			isa = PBXGroup;
			children = (
				237ECADA173EA48C0074D276 /* Default-568h@2x.png */,
				237ECADB173EA48C0074D276 /* Default.png */,
				237ECADC173EA48C0074D276 /* Default@2x.png */,
				237ECADD173EA48C0074D276 /* en.lproj */,
				237ECAE4173EA48C0074D276 /* main.m */,
				237ECAE5173EA48C0074D276 /* ODCoreDataManagerSample+Library-Info.plist */,
				237ECAE6173EA48C0074D276 /* ODCoreDataManagerSample+Library-Prefix.pch */,
			);
			name = "Supporting Files";
			sourceTree = "<group>";
		};
		237ECAB7173EA0290074D276 /* ODCoreDataManager */ = {
			isa = PBXGroup;
			children = (
				237ECAF2173EA4BB0074D276 /* NSSingleton.h */,
				237ECAF3173EA4BB0074D276 /* NSSingleton.m */,
				237ECAF4173EA4BB0074D276 /* ODCDConfiguration.h */,
				237ECAF5173EA4BB0074D276 /* ODCDManager.h */,
				237ECAF6173EA4BB0074D276 /* ODCDManager.m */,
				237ECAF7173EA4BB0074D276 /* ODManagedObject.h */,
				237ECAF8173EA4BB0074D276 /* ODManagedObject.m */,
			);
			path = ODCoreDataManager;
			sourceTree = "<group>";
		};
		237ECAC3173EA0330074D276 /* Sample */ = {
			isa = PBXGroup;
			children = (
				237ECAEF173EA4B60074D276 /* Student.h */,
				237ECAF0173EA4B60074D276 /* Student.m */,
				237ECAC4173EA0410074D276 /* Student.xcdatamodeld */,
			);
			name = Sample;
			sourceTree = "<group>";
		};
		237ECADD173EA48C0074D276 /* en.lproj */ = {
			isa = PBXGroup;
			children = (
				237ECADE173EA48C0074D276 /* InfoPlist.strings */,
				237ECAE0173EA48C0074D276 /* ODViewController_iPad.xib */,
				237ECAE2173EA48C0074D276 /* ODViewController_iPhone.xib */,
			);
			name = en.lproj;
			path = SourceCode/en.lproj;
			sourceTree = SOURCE_ROOT;
		};
/* End PBXGroup section */

/* Begin PBXNativeTarget section */
		237ECA73173E9F4D0074D276 /* ODCoreDataManagerSample+Library */ = {
			isa = PBXNativeTarget;
			buildConfigurationList = 237ECA9A173E9F4D0074D276 /* Build configuration list for PBXNativeTarget "ODCoreDataManagerSample+Library" */;
			buildPhases = (
				237ECA70173E9F4D0074D276 /* Sources */,
				237ECA71173E9F4D0074D276 /* Frameworks */,
				237ECA72173E9F4D0074D276 /* Resources */,
			);
			buildRules = (
			);
			dependencies = (
			);
			name = "ODCoreDataManagerSample+Library";
			productName = ok;
			productReference = 237ECA74173E9F4D0074D276 /* ODCoreDataManagerSample+Library.app */;
			productType = "com.apple.product-type.application";
		};
/* End PBXNativeTarget section */

/* Begin PBXProject section */
		237ECA6C173E9F4C0074D276 /* Project object */ = {
			isa = PBXProject;
			attributes = {
				CLASSPREFIX = OD;
				LastUpgradeCheck = 0460;
				ORGANIZATIONNAME = "Olivier Demolliens";
			};
			buildConfigurationList = 237ECA6F173E9F4C0074D276 /* Build configuration list for PBXProject "ODCoreDataManagerSample+Library" */;
			compatibilityVersion = "Xcode 3.2";
			developmentRegion = English;
			hasScannedForEncodings = 0;
			knownRegions = (
				en,
			);
			mainGroup = 237ECA6B173E9F4C0074D276;
			productRefGroup = 237ECA75173E9F4D0074D276 /* Products */;
			projectDirPath = "";
			projectRoot = "";
			targets = (
				237ECA73173E9F4D0074D276 /* ODCoreDataManagerSample+Library */,
			);
		};
/* End PBXProject section */

/* Begin PBXResourcesBuildPhase section */
		237ECA72173E9F4D0074D276 /* Resources */ = {
			isa = PBXResourcesBuildPhase;
			buildActionMask = 2147483647;
			files = (
				237ECAE7173EA48C0074D276 /* Default-568h@2x.png in Resources */,
				237ECAE8173EA48C0074D276 /* Default.png in Resources */,
				237ECAE9173EA48C0074D276 /* Default@2x.png in Resources */,
				237ECAEA173EA48C0074D276 /* InfoPlist.strings in Resources */,
				237ECAEB173EA48C0074D276 /* ODViewController_iPad.xib in Resources */,
				237ECAEC173EA48C0074D276 /* ODViewController_iPhone.xib in Resources */,
				237ECAEE173EA48C0074D276 /* ODCoreDataManagerSample+Library-Info.plist in Resources */,
			);
			runOnlyForDeploymentPostprocessing = 0;
		};
/* End PBXResourcesBuildPhase section */

/* Begin PBXSourcesBuildPhase section */
		237ECA70173E9F4D0074D276 /* Sources */ = {
			isa = PBXSourcesBuildPhase;
			buildActionMask = 2147483647;
			files = (
				237ECAC6173EA0410074D276 /* Student.xcdatamodeld in Sources */,
				237ECAD8173EA4770074D276 /* ODAppDelegate.m in Sources */,
				237ECAD9173EA4770074D276 /* ODViewController.m in Sources */,
				237ECAED173EA48C0074D276 /* main.m in Sources */,
				237ECAF1173EA4B60074D276 /* Student.m in Sources */,
				237ECAF9173EA4BB0074D276 /* NSSingleton.m in Sources */,
				237ECAFA173EA4BB0074D276 /* ODCDManager.m in Sources */,
				237ECAFB173EA4BB0074D276 /* ODManagedObject.m in Sources */,
			);
			runOnlyForDeploymentPostprocessing = 0;
		};
/* End PBXSourcesBuildPhase section */

/* Begin PBXVariantGroup section */
		237ECADE173EA48C0074D276 /* InfoPlist.strings */ = {
			isa = PBXVariantGroup;
			children = (
				237ECADF173EA48C0074D276 /* en */,
			);
			name = InfoPlist.strings;
			sourceTree = "<group>";
		};
		237ECAE0173EA48C0074D276 /* ODViewController_iPad.xib */ = {
			isa = PBXVariantGroup;
			children = (
				237ECAE1173EA48C0074D276 /* en */,
			);
			name = ODViewController_iPad.xib;
			sourceTree = "<group>";
		};
		237ECAE2173EA48C0074D276 /* ODViewController_iPhone.xib */ = {
			isa = PBXVariantGroup;
			children = (
				237ECAE3173EA48C0074D276 /* en */,
			);
			name = ODViewController_iPhone.xib;
			sourceTree = "<group>";
		};
/* End PBXVariantGroup section */

/* Begin XCBuildConfiguration section */
		237ECA98173E9F4D0074D276 /* Debug */ = {
			isa = XCBuildConfiguration;
			buildSettings = {
				ALWAYS_SEARCH_USER_PATHS = NO;
				CLANG_CXX_LANGUAGE_STANDARD = "gnu++0x";
				CLANG_CXX_LIBRARY = "libc++";
				CLANG_WARN_CONSTANT_CONVERSION = YES;
				CLANG_WARN_EMPTY_BODY = YES;
				CLANG_WARN_ENUM_CONVERSION = YES;
				CLANG_WARN_INT_CONVERSION = YES;
				CLANG_WARN__DUPLICATE_METHOD_MATCH = YES;
				"CODE_SIGN_IDENTITY[sdk=iphoneos*]" = "iPhone Developer";
				COPY_PHASE_STRIP = NO;
				GCC_C_LANGUAGE_STANDARD = gnu99;
				GCC_DYNAMIC_NO_PIC = NO;
				GCC_OPTIMIZATION_LEVEL = 0;
				GCC_PREPROCESSOR_DEFINITIONS = (
					"DEBUG=1",
					"$(inherited)",
				);
				GCC_SYMBOLS_PRIVATE_EXTERN = NO;
				GCC_WARN_ABOUT_RETURN_TYPE = YES;
				GCC_WARN_UNINITIALIZED_AUTOS = YES;
				GCC_WARN_UNUSED_VARIABLE = YES;
				IPHONEOS_DEPLOYMENT_TARGET = 6.1;
				ONLY_ACTIVE_ARCH = YES;
				SDKROOT = iphoneos;
				TARGETED_DEVICE_FAMILY = "1,2";
			};
			name = Debug;
		};
		237ECA99173E9F4D0074D276 /* Release */ = {
			isa = XCBuildConfiguration;
			buildSettings = {
				ALWAYS_SEARCH_USER_PATHS = NO;
				CLANG_CXX_LANGUAGE_STANDARD = "gnu++0x";
				CLANG_CXX_LIBRARY = "libc++";
				CLANG_WARN_CONSTANT_CONVERSION = YES;
				CLANG_WARN_EMPTY_BODY = YES;
				CLANG_WARN_ENUM_CONVERSION = YES;
				CLANG_WARN_INT_CONVERSION = YES;
				CLANG_WARN__DUPLICATE_METHOD_MATCH = YES;
				"CODE_SIGN_IDENTITY[sdk=iphoneos*]" = "iPhone Developer";
				COPY_PHASE_STRIP = YES;
				GCC_C_LANGUAGE_STANDARD = gnu99;
				GCC_WARN_ABOUT_RETURN_TYPE = YES;
				GCC_WARN_UNINITIALIZED_AUTOS = YES;
				GCC_WARN_UNUSED_VARIABLE = YES;
				IPHONEOS_DEPLOYMENT_TARGET = 6.1;
				OTHER_CFLAGS = "-DNS_BLOCK_ASSERTIONS=1";
				SDKROOT = iphoneos;
				TARGETED_DEVICE_FAMILY = "1,2";
				VALIDATE_PRODUCT = YES;
			};
			name = Release;
		};
		237ECA9B173E9F4D0074D276 /* Debug */ = {
			isa = XCBuildConfiguration;
			buildSettings = {
				GCC_PRECOMPILE_PREFIX_HEADER = YES;
				GCC_PREFIX_HEADER = "SourceCode/ODCoreDataManagerSample+Library-Prefix.pch";
				INFOPLIST_FILE = "SourceCode/ODCoreDataManagerSample+Library-Info.plist";
				PRODUCT_NAME = "ODCoreDataManagerSample+Library";
				WRAPPER_EXTENSION = app;
			};
			name = Debug;
		};
		237ECA9C173E9F4D0074D276 /* Release */ = {
			isa = XCBuildConfiguration;
			buildSettings = {
				GCC_PRECOMPILE_PREFIX_HEADER = YES;
				GCC_PREFIX_HEADER = "SourceCode/ODCoreDataManagerSample+Library-Prefix.pch";
				INFOPLIST_FILE = "SourceCode/ODCoreDataManagerSample+Library-Info.plist";
				PRODUCT_NAME = "ODCoreDataManagerSample+Library";
				WRAPPER_EXTENSION = app;
			};
			name = Release;
		};
/* End XCBuildConfiguration section */

/* Begin XCConfigurationList section */
		237ECA6F173E9F4C0074D276 /* Build configuration list for PBXProject "ODCoreDataManagerSample+Library" */ = {
			isa = XCConfigurationList;
			buildConfigurations = (
				237ECA98173E9F4D0074D276 /* Debug */,
				237ECA99173E9F4D0074D276 /* Release */,
			);
			defaultConfigurationIsVisible = 0;
			defaultConfigurationName = Release;
		};
		237ECA9A173E9F4D0074D276 /* Build configuration list for PBXNativeTarget "ODCoreDataManagerSample+Library" */ = {
			isa = XCConfigurationList;
			buildConfigurations = (
				237ECA9B173E9F4D0074D276 /* Debug */,
				237ECA9C173E9F4D0074D276 /* Release */,
			);
			defaultConfigurationIsVisible = 0;
			defaultConfigurationName = Release;
		};
/* End XCConfigurationList section */

/* Begin XCVersionGroup section */
		237ECAC4173EA0410074D276 /* Student.xcdatamodeld */ = {
			isa = XCVersionGroup;
			children = (
				237ECAC5173EA0410074D276 /* Student.xcdatamodel */,
			);
			currentVersion = 237ECAC5173EA0410074D276 /* Student.xcdatamodel */;
			path = Student.xcdatamodeld;
			sourceTree = "<group>";
			versionGroupType = wrapper.xcdatamodel;
		};
/* End XCVersionGroup section */
	};
	rootObject = 237ECA6C173E9F4C0074D276 /* Project object */;
}
